// !$*UTF8*$!
{
	archiveVersion = 1;
	classes = {
	};
	objectVersion = 56;
	objects = {

/* Begin PBXBuildFile section */
		AB3EFD3E28F9383F006DA177 /* Moya in Frameworks */ = {isa = PBXBuildFile; productRef = AB3EFD3D28F9383F006DA177 /* Moya */; };
		ABC6F60F28F89F680079F30A /* AppDelegate.swift in Sources */ = {isa = PBXBuildFile; fileRef = ABC6F60E28F89F680079F30A /* AppDelegate.swift */; };
		ABC6F61328F89F680079F30A /* ViewController.swift in Sources */ = {isa = PBXBuildFile; fileRef = ABC6F61228F89F680079F30A /* ViewController.swift */; };
		ABC6F61628F89F680079F30A /* Main.storyboard in Resources */ = {isa = PBXBuildFile; fileRef = ABC6F61428F89F680079F30A /* Main.storyboard */; };
		ABC6F61928F89F680079F30A /* Flickgram.xcdatamodeld in Sources */ = {isa = PBXBuildFile; fileRef = ABC6F61728F89F680079F30A /* Flickgram.xcdatamodeld */; };
		ABC6F61B28F89F6A0079F30A /* Assets.xcassets in Resources */ = {isa = PBXBuildFile; fileRef = ABC6F61A28F89F6A0079F30A /* Assets.xcassets */; };
		ABC6F61E28F89F6A0079F30A /* LaunchScreen.storyboard in Resources */ = {isa = PBXBuildFile; fileRef = ABC6F61C28F89F6A0079F30A /* LaunchScreen.storyboard */; };
		ABC6F62C28F8A13B0079F30A /* GoogleService-Info.plist in Resources */ = {isa = PBXBuildFile; fileRef = ABC6F62B28F8A13B0079F30A /* GoogleService-Info.plist */; };
		ABC6F62F28F8A1D70079F30A /* FirebaseAuth in Frameworks */ = {isa = PBXBuildFile; productRef = ABC6F62E28F8A1D70079F30A /* FirebaseAuth */; };
		ABC6F63128F8A1D70079F30A /* FirebaseFirestore in Frameworks */ = {isa = PBXBuildFile; productRef = ABC6F63028F8A1D70079F30A /* FirebaseFirestore */; };
		ABC6F63328F8A1D70079F30A /* FirebaseRemoteConfig in Frameworks */ = {isa = PBXBuildFile; productRef = ABC6F63228F8A1D70079F30A /* FirebaseRemoteConfig */; };
/* End PBXBuildFile section */

/* Begin PBXFileReference section */
		ABC6F60B28F89F680079F30A /* Flickgram.app */ = {isa = PBXFileReference; explicitFileType = wrapper.application; includeInIndex = 0; path = Flickgram.app; sourceTree = BUILT_PRODUCTS_DIR; };
		ABC6F60E28F89F680079F30A /* AppDelegate.swift */ = {isa = PBXFileReference; lastKnownFileType = sourcecode.swift; path = AppDelegate.swift; sourceTree = "<group>"; };
		ABC6F61228F89F680079F30A /* ViewController.swift */ = {isa = PBXFileReference; lastKnownFileType = sourcecode.swift; path = ViewController.swift; sourceTree = "<group>"; };
		ABC6F61528F89F680079F30A /* Base */ = {isa = PBXFileReference; lastKnownFileType = file.storyboard; name = Base; path = Base.lproj/Main.storyboard; sourceTree = "<group>"; };
		ABC6F61828F89F680079F30A /* Flickgram.xcdatamodel */ = {isa = PBXFileReference; lastKnownFileType = wrapper.xcdatamodel; path = Flickgram.xcdatamodel; sourceTree = "<group>"; };
		ABC6F61A28F89F6A0079F30A /* Assets.xcassets */ = {isa = PBXFileReference; lastKnownFileType = folder.assetcatalog; path = Assets.xcassets; sourceTree = "<group>"; };
		ABC6F61D28F89F6A0079F30A /* Base */ = {isa = PBXFileReference; lastKnownFileType = file.storyboard; name = Base; path = Base.lproj/LaunchScreen.storyboard; sourceTree = "<group>"; };
		ABC6F61F28F89F6A0079F30A /* Info.plist */ = {isa = PBXFileReference; lastKnownFileType = text.plist.xml; path = Info.plist; sourceTree = "<group>"; };
		ABC6F62B28F8A13B0079F30A /* GoogleService-Info.plist */ = {isa = PBXFileReference; fileEncoding = 4; lastKnownFileType = text.plist.xml; path = "GoogleService-Info.plist"; sourceTree = "<group>"; };
/* End PBXFileReference section */

/* Begin PBXFrameworksBuildPhase section */
		ABC6F60828F89F680079F30A /* Frameworks */ = {
			isa = PBXFrameworksBuildPhase;
			buildActionMask = 2147483647;
			files = (
				ABC6F63328F8A1D70079F30A /* FirebaseRemoteConfig in Frameworks */,
				ABC6F62F28F8A1D70079F30A /* FirebaseAuth in Frameworks */,
				AB3EFD3E28F9383F006DA177 /* Moya in Frameworks */,
				ABC6F63128F8A1D70079F30A /* FirebaseFirestore in Frameworks */,
			);
			runOnlyForDeploymentPostprocessing = 0;
		};
/* End PBXFrameworksBuildPhase section */

/* Begin PBXGroup section */
		AB3EFD3928F8B301006DA177 /* App */ = {
			isa = PBXGroup;
			children = (
				ABC6F63428F8AE900079F30A /* Plists */,
				ABC6F63728F8AF0D0079F30A /* Assets */,
				ABC6F63828F8AF1B0079F30A /* View */,
				ABC6F63628F8AEF70079F30A /* Delegate */,
			);
			path = App;
			sourceTree = "<group>";
		};
		AB3EFD3A28F8B351006DA177 /* Screens */ = {
			isa = PBXGroup;
			children = (
				ABC6F61228F89F680079F30A /* ViewController.swift */,
				ABC6F61428F89F680079F30A /* Main.storyboard */,
			);
			path = Screens;
			sourceTree = "<group>";
		};
		ABC6F60228F89F680079F30A = {
			isa = PBXGroup;
			children = (
				ABC6F60D28F89F680079F30A /* Flickgram */,
				ABC6F60C28F89F680079F30A /* Products */,
			);
			sourceTree = "<group>";
		};
		ABC6F60C28F89F680079F30A /* Products */ = {
			isa = PBXGroup;
			children = (
				ABC6F60B28F89F680079F30A /* Flickgram.app */,
			);
			name = Products;
			sourceTree = "<group>";
		};
		ABC6F60D28F89F680079F30A /* Flickgram */ = {
			isa = PBXGroup;
			children = (
				AB3EFD3928F8B301006DA177 /* App */,
				AB3EFD3A28F8B351006DA177 /* Screens */,
				ABC6F61728F89F680079F30A /* Flickgram.xcdatamodeld */,
			);
			path = Flickgram;
			sourceTree = "<group>";
		};
		ABC6F63428F8AE900079F30A /* Plists */ = {
			isa = PBXGroup;
			children = (
				ABC6F61F28F89F6A0079F30A /* Info.plist */,
				ABC6F62B28F8A13B0079F30A /* GoogleService-Info.plist */,
			);
			path = Plists;
			sourceTree = "<group>";
		};
		ABC6F63628F8AEF70079F30A /* Delegate */ = {
			isa = PBXGroup;
			children = (
				ABC6F60E28F89F680079F30A /* AppDelegate.swift */,
			);
			path = Delegate;
			sourceTree = "<group>";
		};
		ABC6F63728F8AF0D0079F30A /* Assets */ = {
			isa = PBXGroup;
			children = (
				ABC6F61A28F89F6A0079F30A /* Assets.xcassets */,
			);
			path = Assets;
			sourceTree = "<group>";
		};
		ABC6F63828F8AF1B0079F30A /* View */ = {
			isa = PBXGroup;
			children = (
				ABC6F61C28F89F6A0079F30A /* LaunchScreen.storyboard */,
			);
			path = View;
			sourceTree = "<group>";
		};
/* End PBXGroup section */

/* Begin PBXNativeTarget section */
		ABC6F60A28F89F680079F30A /* Flickgram */ = {
			isa = PBXNativeTarget;
			buildConfigurationList = ABC6F62228F89F6A0079F30A /* Build configuration list for PBXNativeTarget "Flickgram" */;
			buildPhases = (
				ABC6F60728F89F680079F30A /* Sources */,
				ABC6F60828F89F680079F30A /* Frameworks */,
				ABC6F60928F89F680079F30A /* Resources */,
			);
			buildRules = (
			);
			dependencies = (
			);
			name = Flickgram;
			packageProductDependencies = (
				ABC6F62E28F8A1D70079F30A /* FirebaseAuth */,
				ABC6F63028F8A1D70079F30A /* FirebaseFirestore */,
				ABC6F63228F8A1D70079F30A /* FirebaseRemoteConfig */,
				AB3EFD3D28F9383F006DA177 /* Moya */,
			);
			productName = Flickgram;
			productReference = ABC6F60B28F89F680079F30A /* Flickgram.app */;
			productType = "com.apple.product-type.application";
		};
/* End PBXNativeTarget section */

/* Begin PBXProject section */
		ABC6F60328F89F680079F30A /* Project object */ = {
			isa = PBXProject;
			attributes = {
				BuildIndependentTargetsInParallel = 1;
				LastSwiftUpdateCheck = 1400;
				LastUpgradeCheck = 1400;
				TargetAttributes = {
					ABC6F60A28F89F680079F30A = {
						CreatedOnToolsVersion = 14.0.1;
					};
				};
			};
			buildConfigurationList = ABC6F60628F89F680079F30A /* Build configuration list for PBXProject "Flickgram" */;
			compatibilityVersion = "Xcode 14.0";
			developmentRegion = en;
			hasScannedForEncodings = 0;
			knownRegions = (
				en,
				Base,
			);
			mainGroup = ABC6F60228F89F680079F30A;
			packageReferences = (
				ABC6F62D28F8A1D70079F30A /* XCRemoteSwiftPackageReference "firebase-ios-sdk" */,
				AB3EFD3C28F9383F006DA177 /* XCRemoteSwiftPackageReference "Moya" */,
			);
			productRefGroup = ABC6F60C28F89F680079F30A /* Products */;
			projectDirPath = "";
			projectRoot = "";
			targets = (
				ABC6F60A28F89F680079F30A /* Flickgram */,
			);
		};
/* End PBXProject section */

/* Begin PBXResourcesBuildPhase section */
		ABC6F60928F89F680079F30A /* Resources */ = {
			isa = PBXResourcesBuildPhase;
			buildActionMask = 2147483647;
			files = (
				ABC6F61E28F89F6A0079F30A /* LaunchScreen.storyboard in Resources */,
				ABC6F62C28F8A13B0079F30A /* GoogleService-Info.plist in Resources */,
				ABC6F61B28F89F6A0079F30A /* Assets.xcassets in Resources */,
				ABC6F61628F89F680079F30A /* Main.storyboard in Resources */,
			);
			runOnlyForDeploymentPostprocessing = 0;
		};
/* End PBXResourcesBuildPhase section */

/* Begin PBXSourcesBuildPhase section */
		ABC6F60728F89F680079F30A /* Sources */ = {
			isa = PBXSourcesBuildPhase;
			buildActionMask = 2147483647;
			files = (
				ABC6F61328F89F680079F30A /* ViewController.swift in Sources */,
				ABC6F60F28F89F680079F30A /* AppDelegate.swift in Sources */,
				ABC6F61928F89F680079F30A /* Flickgram.xcdatamodeld in Sources */,
			);
			runOnlyForDeploymentPostprocessing = 0;
		};
/* End PBXSourcesBuildPhase section */

/* Begin PBXVariantGroup section */
		ABC6F61428F89F680079F30A /* Main.storyboard */ = {
			isa = PBXVariantGroup;
			children = (
				ABC6F61528F89F680079F30A /* Base */,
			);
			name = Main.storyboard;
			sourceTree = "<group>";
		};
		ABC6F61C28F89F6A0079F30A /* LaunchScreen.storyboard */ = {
			isa = PBXVariantGroup;
			children = (
				ABC6F61D28F89F6A0079F30A /* Base */,
			);
			name = LaunchScreen.storyboard;
			sourceTree = "<group>";
		};
/* End PBXVariantGroup section */

/* Begin XCBuildConfiguration section */
		ABC6F62028F89F6A0079F30A /* Debug */ = {
			isa = XCBuildConfiguration;
			buildSettings = {
				ALWAYS_SEARCH_USER_PATHS = NO;
				CLANG_ANALYZER_NONNULL = YES;
				CLANG_ANALYZER_NUMBER_OBJECT_CONVERSION = YES_AGGRESSIVE;
				CLANG_CXX_LANGUAGE_STANDARD = "gnu++20";
				CLANG_ENABLE_MODULES = YES;
				CLANG_ENABLE_OBJC_ARC = YES;
				CLANG_ENABLE_OBJC_WEAK = YES;
				CLANG_WARN_BLOCK_CAPTURE_AUTORELEASING = YES;
				CLANG_WARN_BOOL_CONVERSION = YES;
				CLANG_WARN_COMMA = YES;
				CLANG_WARN_CONSTANT_CONVERSION = YES;
				CLANG_WARN_DEPRECATED_OBJC_IMPLEMENTATIONS = YES;
				CLANG_WARN_DIRECT_OBJC_ISA_USAGE = YES_ERROR;
				CLANG_WARN_DOCUMENTATION_COMMENTS = YES;
				CLANG_WARN_EMPTY_BODY = YES;
				CLANG_WARN_ENUM_CONVERSION = YES;
				CLANG_WARN_INFINITE_RECURSION = YES;
				CLANG_WARN_INT_CONVERSION = YES;
				CLANG_WARN_NON_LITERAL_NULL_CONVERSION = YES;
				CLANG_WARN_OBJC_IMPLICIT_RETAIN_SELF = YES;
				CLANG_WARN_OBJC_LITERAL_CONVERSION = YES;
				CLANG_WARN_OBJC_ROOT_CLASS = YES_ERROR;
				CLANG_WARN_QUOTED_INCLUDE_IN_FRAMEWORK_HEADER = YES;
				CLANG_WARN_RANGE_LOOP_ANALYSIS = YES;
				CLANG_WARN_STRICT_PROTOTYPES = YES;
				CLANG_WARN_SUSPICIOUS_MOVE = YES;
				CLANG_WARN_UNGUARDED_AVAILABILITY = YES_AGGRESSIVE;
				CLANG_WARN_UNREACHABLE_CODE = YES;
				CLANG_WARN__DUPLICATE_METHOD_MATCH = YES;
				COPY_PHASE_STRIP = NO;
				DEBUG_INFORMATION_FORMAT = dwarf;
				ENABLE_STRICT_OBJC_MSGSEND = YES;
				ENABLE_TESTABILITY = YES;
				GCC_C_LANGUAGE_STANDARD = gnu11;
				GCC_DYNAMIC_NO_PIC = NO;
				GCC_NO_COMMON_BLOCKS = YES;
				GCC_OPTIMIZATION_LEVEL = 0;
				GCC_PREPROCESSOR_DEFINITIONS = (
					"DEBUG=1",
					"$(inherited)",
				);
				GCC_WARN_64_TO_32_BIT_CONVERSION = YES;
				GCC_WARN_ABOUT_RETURN_TYPE = YES_ERROR;
				GCC_WARN_UNDECLARED_SELECTOR = YES;
				GCC_WARN_UNINITIALIZED_AUTOS = YES_AGGRESSIVE;
				GCC_WARN_UNUSED_FUNCTION = YES;
				GCC_WARN_UNUSED_VARIABLE = YES;
				IPHONEOS_DEPLOYMENT_TARGET = 16.0;
				MTL_ENABLE_DEBUG_INFO = INCLUDE_SOURCE;
				MTL_FAST_MATH = YES;
				ONLY_ACTIVE_ARCH = YES;
				SDKROOT = iphoneos;
				SWIFT_ACTIVE_COMPILATION_CONDITIONS = DEBUG;
				SWIFT_OPTIMIZATION_LEVEL = "-Onone";
			};
			name = Debug;
		};
		ABC6F62128F89F6A0079F30A /* Release */ = {
			isa = XCBuildConfiguration;
			buildSettings = {
				ALWAYS_SEARCH_USER_PATHS = NO;
				CLANG_ANALYZER_NONNULL = YES;
				CLANG_ANALYZER_NUMBER_OBJECT_CONVERSION = YES_AGGRESSIVE;
				CLANG_CXX_LANGUAGE_STANDARD = "gnu++20";
				CLANG_ENABLE_MODULES = YES;
				CLANG_ENABLE_OBJC_ARC = YES;
				CLANG_ENABLE_OBJC_WEAK = YES;
				CLANG_WARN_BLOCK_CAPTURE_AUTORELEASING = YES;
				CLANG_WARN_BOOL_CONVERSION = YES;
				CLANG_WARN_COMMA = YES;
				CLANG_WARN_CONSTANT_CONVERSION = YES;
				CLANG_WARN_DEPRECATED_OBJC_IMPLEMENTATIONS = YES;
				CLANG_WARN_DIRECT_OBJC_ISA_USAGE = YES_ERROR;
				CLANG_WARN_DOCUMENTATION_COMMENTS = YES;
				CLANG_WARN_EMPTY_BODY = YES;
				CLANG_WARN_ENUM_CONVERSION = YES;
				CLANG_WARN_INFINITE_RECURSION = YES;
				CLANG_WARN_INT_CONVERSION = YES;
				CLANG_WARN_NON_LITERAL_NULL_CONVERSION = YES;
				CLANG_WARN_OBJC_IMPLICIT_RETAIN_SELF = YES;
				CLANG_WARN_OBJC_LITERAL_CONVERSION = YES;
				CLANG_WARN_OBJC_ROOT_CLASS = YES_ERROR;
				CLANG_WARN_QUOTED_INCLUDE_IN_FRAMEWORK_HEADER = YES;
				CLANG_WARN_RANGE_LOOP_ANALYSIS = YES;
				CLANG_WARN_STRICT_PROTOTYPES = YES;
				CLANG_WARN_SUSPICIOUS_MOVE = YES;
				CLANG_WARN_UNGUARDED_AVAILABILITY = YES_AGGRESSIVE;
				CLANG_WARN_UNREACHABLE_CODE = YES;
				CLANG_WARN__DUPLICATE_METHOD_MATCH = YES;
				COPY_PHASE_STRIP = NO;
				DEBUG_INFORMATION_FORMAT = "dwarf-with-dsym";
				ENABLE_NS_ASSERTIONS = NO;
				ENABLE_STRICT_OBJC_MSGSEND = YES;
				GCC_C_LANGUAGE_STANDARD = gnu11;
				GCC_NO_COMMON_BLOCKS = YES;
				GCC_WARN_64_TO_32_BIT_CONVERSION = YES;
				GCC_WARN_ABOUT_RETURN_TYPE = YES_ERROR;
				GCC_WARN_UNDECLARED_SELECTOR = YES;
				GCC_WARN_UNINITIALIZED_AUTOS = YES_AGGRESSIVE;
				GCC_WARN_UNUSED_FUNCTION = YES;
				GCC_WARN_UNUSED_VARIABLE = YES;
				IPHONEOS_DEPLOYMENT_TARGET = 16.0;
				MTL_ENABLE_DEBUG_INFO = NO;
				MTL_FAST_MATH = YES;
				SDKROOT = iphoneos;
				SWIFT_COMPILATION_MODE = wholemodule;
				SWIFT_OPTIMIZATION_LEVEL = "-O";
				VALIDATE_PRODUCT = YES;
			};
			name = Release;
		};
		ABC6F62328F89F6A0079F30A /* Debug */ = {
			isa = XCBuildConfiguration;
			buildSettings = {
				ASSETCATALOG_COMPILER_APPICON_NAME = AppIcon;
				ASSETCATALOG_COMPILER_GLOBAL_ACCENT_COLOR_NAME = AccentColor;
				CODE_SIGN_STYLE = Automatic;
				CURRENT_PROJECT_VERSION = 1;
				DEVELOPMENT_TEAM = 5DKBCS58WX;
				GENERATE_INFOPLIST_FILE = YES;
				INFOPLIST_FILE = Flickgram/App/Plists/Info.plist;
				INFOPLIST_KEY_CFBundleDisplayName = Flickgram;
				INFOPLIST_KEY_LSApplicationCategoryType = "public.app-category.social-networking";
				INFOPLIST_KEY_UIApplicationSupportsIndirectInputEvents = YES;
				INFOPLIST_KEY_UILaunchStoryboardName = LaunchScreen;
				INFOPLIST_KEY_UIMainStoryboardFile = Main;
				INFOPLIST_KEY_UISupportedInterfaceOrientations = UIInterfaceOrientationPortrait;
				INFOPLIST_KEY_UISupportedInterfaceOrientations_iPad = "UIInterfaceOrientationLandscapeLeft UIInterfaceOrientationLandscapeRight UIInterfaceOrientationPortrait UIInterfaceOrientationPortraitUpsideDown";
				IPHONEOS_DEPLOYMENT_TARGET = 12.0;
				LD_RUNPATH_SEARCH_PATHS = (
					"$(inherited)",
					"@executable_path/Frameworks",
				);
				MARKETING_VERSION = 0.1;
				PRODUCT_BUNDLE_IDENTIFIER = com.asimcanyagiz.Flickgram;
				PRODUCT_NAME = "$(TARGET_NAME)";
				SUPPORTED_PLATFORMS = "iphoneos iphonesimulator";
				SUPPORTS_MACCATALYST = NO;
				SUPPORTS_MAC_DESIGNED_FOR_IPHONE_IPAD = NO;
				SWIFT_EMIT_LOC_STRINGS = YES;
				SWIFT_VERSION = 5.0;
				TARGETED_DEVICE_FAMILY = 1;
			};
			name = Debug;
		};
		ABC6F62428F89F6A0079F30A /* Release */ = {
			isa = XCBuildConfiguration;
			buildSettings = {
				ASSETCATALOG_COMPILER_APPICON_NAME = AppIcon;
				ASSETCATALOG_COMPILER_GLOBAL_ACCENT_COLOR_NAME = AccentColor;
				CODE_SIGN_STYLE = Automatic;
				CURRENT_PROJECT_VERSION = 1;
				DEVELOPMENT_TEAM = 5DKBCS58WX;
				GENERATE_INFOPLIST_FILE = YES;
				INFOPLIST_FILE = Flickgram/App/Plists/Info.plist;
				INFOPLIST_KEY_CFBundleDisplayName = Flickgram;
				INFOPLIST_KEY_LSApplicationCategoryType = "public.app-category.social-networking";
				INFOPLIST_KEY_UIApplicationSupportsIndirectInputEvents = YES;
				INFOPLIST_KEY_UILaunchStoryboardName = LaunchScreen;
				INFOPLIST_KEY_UIMainStoryboardFile = Main;
				INFOPLIST_KEY_UISupportedInterfaceOrientations = UIInterfaceOrientationPortrait;
				INFOPLIST_KEY_UISupportedInterfaceOrientations_iPad = "UIInterfaceOrientationLandscapeLeft UIInterfaceOrientationLandscapeRight UIInterfaceOrientationPortrait UIInterfaceOrientationPortraitUpsideDown";
				IPHONEOS_DEPLOYMENT_TARGET = 12.0;
				LD_RUNPATH_SEARCH_PATHS = (
					"$(inherited)",
					"@executable_path/Frameworks",
				);
				MARKETING_VERSION = 0.1;
				PRODUCT_BUNDLE_IDENTIFIER = com.asimcanyagiz.Flickgram;
				PRODUCT_NAME = "$(TARGET_NAME)";
				SUPPORTED_PLATFORMS = "iphoneos iphonesimulator";
				SUPPORTS_MACCATALYST = NO;
				SUPPORTS_MAC_DESIGNED_FOR_IPHONE_IPAD = NO;
				SWIFT_EMIT_LOC_STRINGS = YES;
				SWIFT_VERSION = 5.0;
				TARGETED_DEVICE_FAMILY = 1;
			};
			name = Release;
		};
/* End XCBuildConfiguration section */

/* Begin XCConfigurationList section */
		ABC6F60628F89F680079F30A /* Build configuration list for PBXProject "Flickgram" */ = {
			isa = XCConfigurationList;
			buildConfigurations = (
				ABC6F62028F89F6A0079F30A /* Debug */,
				ABC6F62128F89F6A0079F30A /* Release */,
			);
			defaultConfigurationIsVisible = 0;
			defaultConfigurationName = Release;
		};
		ABC6F62228F89F6A0079F30A /* Build configuration list for PBXNativeTarget "Flickgram" */ = {
			isa = XCConfigurationList;
			buildConfigurations = (
				ABC6F62328F89F6A0079F30A /* Debug */,
				ABC6F62428F89F6A0079F30A /* Release */,
			);
			defaultConfigurationIsVisible = 0;
			defaultConfigurationName = Release;
		};
/* End XCConfigurationList section */

/* Begin XCRemoteSwiftPackageReference section */
		AB3EFD3C28F9383F006DA177 /* XCRemoteSwiftPackageReference "Moya" */ = {
			isa = XCRemoteSwiftPackageReference;
			repositoryURL = "https://github.com/Moya/Moya.git";
			requirement = {
				kind = upToNextMajorVersion;
				minimumVersion = 15.0.0;
			};
		};
		ABC6F62D28F8A1D70079F30A /* XCRemoteSwiftPackageReference "firebase-ios-sdk" */ = {
			isa = XCRemoteSwiftPackageReference;
			repositoryURL = "https://github.com/firebase/firebase-ios-sdk";
			requirement = {
				branch = master;
				kind = branch;
			};
		};
/* End XCRemoteSwiftPackageReference section */

/* Begin XCSwiftPackageProductDependency section */
		AB3EFD3D28F9383F006DA177 /* Moya */ = {
			isa = XCSwiftPackageProductDependency;
			package = AB3EFD3C28F9383F006DA177 /* XCRemoteSwiftPackageReference "Moya" */;
			productName = Moya;
		};
		ABC6F62E28F8A1D70079F30A /* FirebaseAuth */ = {
			isa = XCSwiftPackageProductDependency;
			package = ABC6F62D28F8A1D70079F30A /* XCRemoteSwiftPackageReference "firebase-ios-sdk" */;
			productName = FirebaseAuth;
		};
		ABC6F63028F8A1D70079F30A /* FirebaseFirestore */ = {
			isa = XCSwiftPackageProductDependency;
			package = ABC6F62D28F8A1D70079F30A /* XCRemoteSwiftPackageReference "firebase-ios-sdk" */;
			productName = FirebaseFirestore;
		};
		ABC6F63228F8A1D70079F30A /* FirebaseRemoteConfig */ = {
			isa = XCSwiftPackageProductDependency;
			package = ABC6F62D28F8A1D70079F30A /* XCRemoteSwiftPackageReference "firebase-ios-sdk" */;
			productName = FirebaseRemoteConfig;
		};
/* End XCSwiftPackageProductDependency section */

/* Begin XCVersionGroup section */
		ABC6F61728F89F680079F30A /* Flickgram.xcdatamodeld */ = {
			isa = XCVersionGroup;
			children = (
				ABC6F61828F89F680079F30A /* Flickgram.xcdatamodel */,
			);
			currentVersion = ABC6F61828F89F680079F30A /* Flickgram.xcdatamodel */;
			path = Flickgram.xcdatamodeld;
			sourceTree = "<group>";
			versionGroupType = wrapper.xcdatamodel;
		};
/* End XCVersionGroup section */
	};
	rootObject = ABC6F60328F89F680079F30A /* Project object */;
}
